
Microsoft Visual Studio Solution File, Format Version 12.00
# Visual Studio 14
VisualStudioVersion = 14.0.25420.1
MinimumVisualStudioVersion = 10.0.40219.1
Project("{FAE04EC0-301F-11D3-BF4B-00C04F79EFBC}") = "Builder", "Builder\Builder.csproj", "{0CD2DB11-A4B0-4962-8B9E-67AB2A6CF2E5}"
EndProject
Project("{FAE04EC0-301F-11D3-BF4B-00C04F79EFBC}") = "Decorator", "Decorator\Decorator.csproj", "{DEBC3272-3E0B-4157-882A-85CC66F124E9}"
EndProject
Project("{FAE04EC0-301F-11D3-BF4B-00C04F79EFBC}") = "AbstractFactory", "AbstractFactory\AbstractFactory.csproj", "{2E0BAA35-513C-47D3-BA1F-E18A8878B05A}"
EndProject
Project("{FAE04EC0-301F-11D3-BF4B-00C04F79EFBC}") = "FactoryMethod", "FactoryMethod\FactoryMethod.csproj", "{BBA225DD-EB15-4441-B1A3-A724B3279FBE}"
EndProject
Project("{FAE04EC0-301F-11D3-BF4B-00C04F79EFBC}") = "Bridge", "Bridge\Bridge.csproj", "{FE7679BB-CE22-4540-B3D9-1162FC4231E0}"
EndProject
Project("{FAE04EC0-301F-11D3-BF4B-00C04F79EFBC}") = "Observer", "Observer\Observer.csproj", "{CC80D6E8-487C-46DE-A940-E9D796B69A13}"
EndProject
Project("{FAE04EC0-301F-11D3-BF4B-00C04F79EFBC}") = "Command", "Command\Command.csproj", "{134F41A1-06D8-4CE9-87B0-B34B763A79D4}"
EndProject
Project("{FAE04EC0-301F-11D3-BF4B-00C04F79EFBC}") = "Flyweight", "Flyweight\Flyweight.csproj", "{2A578815-7FB7-4E00-8EF2-4D92CCCEFF71}"
EndProject
Global
	GlobalSection(SolutionConfigurationPlatforms) = preSolution
		Debug|Any CPU = Debug|Any CPU
		Release|Any CPU = Release|Any CPU
	EndGlobalSection
	GlobalSection(ProjectConfigurationPlatforms) = postSolution
		{0CD2DB11-A4B0-4962-8B9E-67AB2A6CF2E5}.Debug|Any CPU.ActiveCfg = Debug|Any CPU
		{0CD2DB11-A4B0-4962-8B9E-67AB2A6CF2E5}.Debug|Any CPU.Build.0 = Debug|Any CPU
		{0CD2DB11-A4B0-4962-8B9E-67AB2A6CF2E5}.Release|Any CPU.ActiveCfg = Release|Any CPU
		{0CD2DB11-A4B0-4962-8B9E-67AB2A6CF2E5}.Release|Any CPU.Build.0 = Release|Any CPU
		{DEBC3272-3E0B-4157-882A-85CC66F124E9}.Debug|Any CPU.ActiveCfg = Debug|Any CPU
		{DEBC3272-3E0B-4157-882A-85CC66F124E9}.Debug|Any CPU.Build.0 = Debug|Any CPU
		{DEBC3272-3E0B-4157-882A-85CC66F124E9}.Release|Any CPU.ActiveCfg = Release|Any CPU
		{DEBC3272-3E0B-4157-882A-85CC66F124E9}.Release|Any CPU.Build.0 = Release|Any CPU
		{2E0BAA35-513C-47D3-BA1F-E18A8878B05A}.Debug|Any CPU.ActiveCfg = Debug|Any CPU
		{2E0BAA35-513C-47D3-BA1F-E18A8878B05A}.Debug|Any CPU.Build.0 = Debug|Any CPU
		{2E0BAA35-513C-47D3-BA1F-E18A8878B05A}.Release|Any CPU.ActiveCfg = Release|Any CPU
		{2E0BAA35-513C-47D3-BA1F-E18A8878B05A}.Release|Any CPU.Build.0 = Release|Any CPU
		{BBA225DD-EB15-4441-B1A3-A724B3279FBE}.Debug|Any CPU.ActiveCfg = Debug|Any CPU
		{BBA225DD-EB15-4441-B1A3-A724B3279FBE}.Debug|Any CPU.Build.0 = Debug|Any CPU
		{BBA225DD-EB15-4441-B1A3-A724B3279FBE}.Release|Any CPU.ActiveCfg = Release|Any CPU
		{BBA225DD-EB15-4441-B1A3-A724B3279FBE}.Release|Any CPU.Build.0 = Release|Any CPU
		{FE7679BB-CE22-4540-B3D9-1162FC4231E0}.Debug|Any CPU.ActiveCfg = Debug|Any CPU
		{FE7679BB-CE22-4540-B3D9-1162FC4231E0}.Debug|Any CPU.Build.0 = Debug|Any CPU
		{FE7679BB-CE22-4540-B3D9-1162FC4231E0}.Release|Any CPU.ActiveCfg = Release|Any CPU
		{FE7679BB-CE22-4540-B3D9-1162FC4231E0}.Release|Any CPU.Build.0 = Release|Any CPU
		{CC80D6E8-487C-46DE-A940-E9D796B69A13}.Debug|Any CPU.ActiveCfg = Debug|Any CPU
		{CC80D6E8-487C-46DE-A940-E9D796B69A13}.Debug|Any CPU.Build.0 = Debug|Any CPU
		{CC80D6E8-487C-46DE-A940-E9D796B69A13}.Release|Any CPU.ActiveCfg = Release|Any CPU
		{CC80D6E8-487C-46DE-A940-E9D796B69A13}.Release|Any CPU.Build.0 = Release|Any CPU
		{134F41A1-06D8-4CE9-87B0-B34B763A79D4}.Debug|Any CPU.ActiveCfg = Debug|Any CPU
		{134F41A1-06D8-4CE9-87B0-B34B763A79D4}.Debug|Any CPU.Build.0 = Debug|Any CPU
		{134F41A1-06D8-4CE9-87B0-B34B763A79D4}.Release|Any CPU.ActiveCfg = Release|Any CPU
		{134F41A1-06D8-4CE9-87B0-B34B763A79D4}.Release|Any CPU.Build.0 = Release|Any CPU
		{2A578815-7FB7-4E00-8EF2-4D92CCCEFF71}.Debug|Any CPU.ActiveCfg = Debug|Any CPU
		{2A578815-7FB7-4E00-8EF2-4D92CCCEFF71}.Debug|Any CPU.Build.0 = Debug|Any CPU
		{2A578815-7FB7-4E00-8EF2-4D92CCCEFF71}.Release|Any CPU.ActiveCfg = Release|Any CPU
		{2A578815-7FB7-4E00-8EF2-4D92CCCEFF71}.Release|Any CPU.Build.0 = Release|Any CPU
	EndGlobalSection
	GlobalSection(SolutionProperties) = preSolution
		HideSolutionNode = FALSE
	EndGlobalSection
EndGlobal
