
Microsoft Visual Studio Solution File, Format Version 12.00
# Visual Studio 14
VisualStudioVersion = 14.0.25420.1
MinimumVisualStudioVersion = 10.0.40219.1
Project("{FAE04EC0-301F-11D3-BF4B-00C04F79EFBC}") = "Builder", "Builder\Builder.csproj", "{0CD2DB11-A4B0-4962-8B9E-67AB2A6CF2E5}"
EndProject
Project("{FAE04EC0-301F-11D3-BF4B-00C04F79EFBC}") = "Decorator", "Decorator\Decorator.csproj", "{DEBC3272-3E0B-4157-882A-85CC66F124E9}"
EndProject
Project("{FAE04EC0-301F-11D3-BF4B-00C04F79EFBC}") = "AbstractFactory", "AbstractFactory\AbstractFactory.csproj", "{2E0BAA35-513C-47D3-BA1F-E18A8878B05A}"
EndProject
Global
	GlobalSection(SolutionConfigurationPlatforms) = preSolution
		Debug|Any CPU = Debug|Any CPU
		Release|Any CPU = Release|Any CPU
	EndGlobalSection
	GlobalSection(ProjectConfigurationPlatforms) = postSolution
		{0CD2DB11-A4B0-4962-8B9E-67AB2A6CF2E5}.Debug|Any CPU.ActiveCfg = Debug|Any CPU
		{0CD2DB11-A4B0-4962-8B9E-67AB2A6CF2E5}.Debug|Any CPU.Build.0 = Debug|Any CPU
		{0CD2DB11-A4B0-4962-8B9E-67AB2A6CF2E5}.Release|Any CPU.ActiveCfg = Release|Any CPU
		{0CD2DB11-A4B0-4962-8B9E-67AB2A6CF2E5}.Release|Any CPU.Build.0 = Release|Any CPU
		{DEBC3272-3E0B-4157-882A-85CC66F124E9}.Debug|Any CPU.ActiveCfg = Debug|Any CPU
		{DEBC3272-3E0B-4157-882A-85CC66F124E9}.Debug|Any CPU.Build.0 = Debug|Any CPU
		{DEBC3272-3E0B-4157-882A-85CC66F124E9}.Release|Any CPU.ActiveCfg = Release|Any CPU
		{DEBC3272-3E0B-4157-882A-85CC66F124E9}.Release|Any CPU.Build.0 = Release|Any CPU
		{2E0BAA35-513C-47D3-BA1F-E18A8878B05A}.Debug|Any CPU.ActiveCfg = Debug|Any CPU
		{2E0BAA35-513C-47D3-BA1F-E18A8878B05A}.Debug|Any CPU.Build.0 = Debug|Any CPU
		{2E0BAA35-513C-47D3-BA1F-E18A8878B05A}.Release|Any CPU.ActiveCfg = Release|Any CPU
		{2E0BAA35-513C-47D3-BA1F-E18A8878B05A}.Release|Any CPU.Build.0 = Release|Any CPU
	EndGlobalSection
	GlobalSection(SolutionProperties) = preSolution
		HideSolutionNode = FALSE
	EndGlobalSection
EndGlobal
